
Microsoft Visual Studio Solution File, Format Version 12.00
# Visual Studio Version 17
VisualStudioVersion = 17.3.32825.248
MinimumVisualStudioVersion = 10.0.40219.1
Project("{FAE04EC0-301F-11D3-BF4B-00C04F79EFBC}") = "CuentasPorCobrar", "CuentasPorCobrar\CuentasPorCobrar.csproj", "{AD319935-DA3B-4861-97C3-4682D6552E48}"
EndProject
Global
	GlobalSection(SolutionConfigurationPlatforms) = preSolution
		Debug|Any CPU = Debug|Any CPU
		Release|Any CPU = Release|Any CPU
	EndGlobalSection
	GlobalSection(ProjectConfigurationPlatforms) = postSolution
		{AD319935-DA3B-4861-97C3-4682D6552E48}.Debug|Any CPU.ActiveCfg = Debug|Any CPU
		{AD319935-DA3B-4861-97C3-4682D6552E48}.Debug|Any CPU.Build.0 = Debug|Any CPU
		{AD319935-DA3B-4861-97C3-4682D6552E48}.Release|Any CPU.ActiveCfg = Release|Any CPU
		{AD319935-DA3B-4861-97C3-4682D6552E48}.Release|Any CPU.Build.0 = Release|Any CPU
	EndGlobalSection
	GlobalSection(SolutionProperties) = preSolution
		HideSolutionNode = FALSE
	EndGlobalSection
	GlobalSection(ExtensibilityGlobals) = postSolution
		SolutionGuid = {11E5A833-DAE5-4A47-A955-08381EA7E0FB}
	EndGlobalSection
EndGlobal
